
Microsoft Visual Studio Solution File, Format Version 12.00
# Visual Studio 15
VisualStudioVersion = 15.0.26730.16
MinimumVisualStudioVersion = 10.0.40219.1
Project("{FAE04EC0-301F-11D3-BF4B-00C04F79EFBC}") = "Model", "Model\Model.csproj", "{B312B954-5419-4DD5-A04B-7F0DB37C03CB}"
EndProject
Project("{FAE04EC0-301F-11D3-BF4B-00C04F79EFBC}") = "ModelTests", "ModelTests\ModelTests.csproj", "{DE6AC84E-3708-463F-81F3-2227074791EB}"
EndProject
Project("{FAE04EC0-301F-11D3-BF4B-00C04F79EFBC}") = "BusinessTier", "BusinessTier\BusinessTier.csproj", "{D489B69F-BEE1-49C9-825A-DA6E48B5F744}"
EndProject
Project("{FAE04EC0-301F-11D3-BF4B-00C04F79EFBC}") = "BusinessTierTests", "BusinessTierTests\BusinessTierTests.csproj", "{B823D96E-41F5-404F-89A9-BA06038B27E9}"
EndProject
Project("{FAE04EC0-301F-11D3-BF4B-00C04F79EFBC}") = "WcfServiceTier", "WcfServiceTier\WcfServiceTier.csproj", "{DCADDB88-471D-4B17-974C-D5DE18338E82}"
EndProject
Global
	GlobalSection(SolutionConfigurationPlatforms) = preSolution
		Debug|Any CPU = Debug|Any CPU
		Release|Any CPU = Release|Any CPU
	EndGlobalSection
	GlobalSection(ProjectConfigurationPlatforms) = postSolution
		{B312B954-5419-4DD5-A04B-7F0DB37C03CB}.Debug|Any CPU.ActiveCfg = Debug|Any CPU
		{B312B954-5419-4DD5-A04B-7F0DB37C03CB}.Debug|Any CPU.Build.0 = Debug|Any CPU
		{B312B954-5419-4DD5-A04B-7F0DB37C03CB}.Release|Any CPU.ActiveCfg = Release|Any CPU
		{B312B954-5419-4DD5-A04B-7F0DB37C03CB}.Release|Any CPU.Build.0 = Release|Any CPU
		{DE6AC84E-3708-463F-81F3-2227074791EB}.Debug|Any CPU.ActiveCfg = Debug|Any CPU
		{DE6AC84E-3708-463F-81F3-2227074791EB}.Debug|Any CPU.Build.0 = Debug|Any CPU
		{DE6AC84E-3708-463F-81F3-2227074791EB}.Release|Any CPU.ActiveCfg = Release|Any CPU
		{DE6AC84E-3708-463F-81F3-2227074791EB}.Release|Any CPU.Build.0 = Release|Any CPU
		{D489B69F-BEE1-49C9-825A-DA6E48B5F744}.Debug|Any CPU.ActiveCfg = Debug|Any CPU
		{D489B69F-BEE1-49C9-825A-DA6E48B5F744}.Debug|Any CPU.Build.0 = Debug|Any CPU
		{D489B69F-BEE1-49C9-825A-DA6E48B5F744}.Release|Any CPU.ActiveCfg = Release|Any CPU
		{D489B69F-BEE1-49C9-825A-DA6E48B5F744}.Release|Any CPU.Build.0 = Release|Any CPU
		{B823D96E-41F5-404F-89A9-BA06038B27E9}.Debug|Any CPU.ActiveCfg = Debug|Any CPU
		{B823D96E-41F5-404F-89A9-BA06038B27E9}.Debug|Any CPU.Build.0 = Debug|Any CPU
		{B823D96E-41F5-404F-89A9-BA06038B27E9}.Release|Any CPU.ActiveCfg = Release|Any CPU
		{B823D96E-41F5-404F-89A9-BA06038B27E9}.Release|Any CPU.Build.0 = Release|Any CPU
		{DCADDB88-471D-4B17-974C-D5DE18338E82}.Debug|Any CPU.ActiveCfg = Debug|Any CPU
		{DCADDB88-471D-4B17-974C-D5DE18338E82}.Debug|Any CPU.Build.0 = Debug|Any CPU
		{DCADDB88-471D-4B17-974C-D5DE18338E82}.Release|Any CPU.ActiveCfg = Release|Any CPU
		{DCADDB88-471D-4B17-974C-D5DE18338E82}.Release|Any CPU.Build.0 = Release|Any CPU
	EndGlobalSection
	GlobalSection(SolutionProperties) = preSolution
		HideSolutionNode = FALSE
	EndGlobalSection
	GlobalSection(ExtensibilityGlobals) = postSolution
		SolutionGuid = {8903CB0E-8DFB-4255-B584-D18C6C3AEF65}
	EndGlobalSection
EndGlobal
